
Microsoft Visual Studio Solution File, Format Version 12.00
# Visual Studio Version 16
VisualStudioVersion = 16.0.30509.190
MinimumVisualStudioVersion = 10.0.40219.1
Project("{FAE04EC0-301F-11D3-BF4B-00C04F79EFBC}") = "Json_Difference_App", "Json_Difference_App\Json_Difference_App.csproj", "{3A1A12CC-0335-4650-9C55-AE3B9A7EE644}"
EndProject
Global
	GlobalSection(SolutionConfigurationPlatforms) = preSolution
		Debug|Any CPU = Debug|Any CPU
		Release|Any CPU = Release|Any CPU
	EndGlobalSection
	GlobalSection(ProjectConfigurationPlatforms) = postSolution
		{3A1A12CC-0335-4650-9C55-AE3B9A7EE644}.Debug|Any CPU.ActiveCfg = Debug|Any CPU
		{3A1A12CC-0335-4650-9C55-AE3B9A7EE644}.Debug|Any CPU.Build.0 = Debug|Any CPU
		{3A1A12CC-0335-4650-9C55-AE3B9A7EE644}.Release|Any CPU.ActiveCfg = Release|Any CPU
		{3A1A12CC-0335-4650-9C55-AE3B9A7EE644}.Release|Any CPU.Build.0 = Release|Any CPU
	EndGlobalSection
	GlobalSection(SolutionProperties) = preSolution
		HideSolutionNode = FALSE
	EndGlobalSection
	GlobalSection(ExtensibilityGlobals) = postSolution
		SolutionGuid = {BFAEDB79-E9AE-4CE7-A877-0B3DD3C4EDF5}
	EndGlobalSection
EndGlobal
